
Microsoft Visual Studio Solution File, Format Version 12.00
# Visual Studio Version 16
VisualStudioVersion = 16.0.29424.173
MinimumVisualStudioVersion = 10.0.40219.1
Project("{FAE04EC0-301F-11D3-BF4B-00C04F79EFBC}") = "MobizonSDK", "MobizonSDK\MobizonSDK.csproj", "{078111EA-80B2-4D2B-B90F-F1FCB2DDC3BE}"
EndProject
Global
	GlobalSection(SolutionConfigurationPlatforms) = preSolution
		Debug|Any CPU = Debug|Any CPU
		Release|Any CPU = Release|Any CPU
	EndGlobalSection
	GlobalSection(ProjectConfigurationPlatforms) = postSolution
		{078111EA-80B2-4D2B-B90F-F1FCB2DDC3BE}.Debug|Any CPU.ActiveCfg = Debug|Any CPU
		{078111EA-80B2-4D2B-B90F-F1FCB2DDC3BE}.Debug|Any CPU.Build.0 = Debug|Any CPU
		{078111EA-80B2-4D2B-B90F-F1FCB2DDC3BE}.Release|Any CPU.ActiveCfg = Release|Any CPU
		{078111EA-80B2-4D2B-B90F-F1FCB2DDC3BE}.Release|Any CPU.Build.0 = Release|Any CPU
	EndGlobalSection
	GlobalSection(SolutionProperties) = preSolution
		HideSolutionNode = FALSE
	EndGlobalSection
	GlobalSection(ExtensibilityGlobals) = postSolution
		SolutionGuid = {DAF70A73-45BD-48A3-9433-D11F245D6D24}
	EndGlobalSection
EndGlobal
